dependencies:
- name: traefik
  repository: https://traefik.github.io/charts
  version: 35.2.0
- name: nats
  repository: https://nats-io.github.io/k8s/helm/charts/
  version: 1.3.5
- name: cockroachdb
  repository: https://charts.cockroachdb.com
  version: 16.0.7
- name: hello-world
  repository: file://../../hello-world
  version: 0.1.0
digest: sha256:43e3ea70c4c7e2865befff21524104618ada1ba9a3d307fac02d812d2e68b72f
generated: "2025-05-03T21:07:12.040335329+02:00"
